
Microsoft Visual Studio Solution File, Format Version 12.00
# Visual Studio Version 16
VisualStudioVersion = 16.0.30503.244
MinimumVisualStudioVersion = 10.0.40219.1
Project("{F184B08F-C81C-45F6-A57F-5ABD9991F28F}") = "FormPinPad", "WindowsApp2\FormPinPad.vbproj", "{16FBBF47-43DE-4658-91E9-45693ED7D105}"
EndProject
Global
	GlobalSection(SolutionConfigurationPlatforms) = preSolution
		Debug|Any CPU = Debug|Any CPU
		Release|Any CPU = Release|Any CPU
	EndGlobalSection
	GlobalSection(ProjectConfigurationPlatforms) = postSolution
		{16FBBF47-43DE-4658-91E9-45693ED7D105}.Debug|Any CPU.ActiveCfg = Debug|Any CPU
		{16FBBF47-43DE-4658-91E9-45693ED7D105}.Debug|Any CPU.Build.0 = Debug|Any CPU
		{16FBBF47-43DE-4658-91E9-45693ED7D105}.Release|Any CPU.ActiveCfg = Release|Any CPU
		{16FBBF47-43DE-4658-91E9-45693ED7D105}.Release|Any CPU.Build.0 = Release|Any CPU
	EndGlobalSection
	GlobalSection(SolutionProperties) = preSolution
		HideSolutionNode = FALSE
	EndGlobalSection
	GlobalSection(ExtensibilityGlobals) = postSolution
		SolutionGuid = {69CF5FF7-1A26-4107-8703-FB49D7BD31FC}
	EndGlobalSection
EndGlobal
